{
  "name": "api-gateway",
  "lockfileVersion": 3,
  "requires": true,
  "packages": {
    "": {
      "dependencies": {
        "school-erp-backend": "file:../.."
      }
    },
    "../..": {
      "version": "1.0.0",
      "devDependencies": {
        "bcryptjs": "^2.4.3",
        "dotenv": "^17.4.2",
        "mongoose": "^8.5.1"
      }
    },
    "node_modules/school-erp-backend": {
      "resolved": "../..",
      "link": true
    }
  }
}
