{
  "name": "api-gateway",
  "lockfileVersion": 3,
  "requires": true,
  "packages": {
    "": {
      "dependencies": {
        "school-erp-backend": "file:../..",
        "school-management-e2e": "file:../../.."
      }
    },
    "../..": {
      "name": "school-erp-backend",
      "version": "1.0.0",
      "dependencies": {
        "bcryptjs": "^2.4.3",
        "dotenv": "^17.4.2",
        "imagekit": "^6.0.0",
        "mongoose": "^8.5.1",
        "multer": "^2.3.0",
        "nodemailer": "^10.0.3"
      }
    },
    "../../..": {
      "name": "school-management-e2e",
      "version": "1.0.0",
      "devDependencies": {
        "@playwright/test": "1.63.0",
        "playwright": "1.63.0"
      },
      "engines": {
        "node": ">=18"
      }
    },
    "node_modules/school-erp-backend": {
      "resolved": "../..",
      "link": true
    },
    "node_modules/school-management-e2e": {
      "resolved": "../../..",
      "link": true
    }
  }
}
